
Microsoft Visual Studio Solution File, Format Version 12.00
# Visual Studio Version 17
VisualStudioVersion = 17.0.31903.59
MinimumVisualStudioVersion = 10.0.40219.1
Project("{FAE04EC0-301F-11D3-BF4B-00C04F79EFBC}") = "IrtWeb", "IrtWeb\IrtWeb.csproj", "{FE4CB4F3-8971-4A18-B1A2-438E68937FE2}"
EndProject
Project("{FAE04EC0-301F-11D3-BF4B-00C04F79EFBC}") = "Irt.Application", "Irt.Application\Irt.Application.csproj", "{B3B19DD2-A8E9-4050-BE0B-0CDE579E5770}"
EndProject
Project("{FAE04EC0-301F-11D3-BF4B-00C04F79EFBC}") = "Irt.Infrastructure", "Irt.Infrastructure\Irt.Infrastructure.csproj", "{3B47E1B7-FF91-4976-AF1E-05ED54B405AB}"
EndProject
Project("{FAE04EC0-301F-11D3-BF4B-00C04F79EFBC}") = "Irt.Core", "Irt.Core\Irt.Core.csproj", "{93EF46FD-C3BE-45CE-A262-CF1DDD08D4B8}"
EndProject
Project("{FAE04EC0-301F-11D3-BF4B-00C04F79EFBC}") = "Irt.Shared", "Irt.Shared\Irt.Shared.csproj", "{731F5DFF-A541-44DA-AAC0-43AEEEF2CF35}"
EndProject
Project("{FAE04EC0-301F-11D3-BF4B-00C04F79EFBC}") = "Irt.UnitTests", "Irt.UnitTests\Irt.UnitTests.csproj", "{CA07BB80-18CB-4320-A4EF-01DC627C662F}"
EndProject
Project("{FAE04EC0-301F-11D3-BF4B-00C04F79EFBC}") = "Irt.UnitTest", "Irt.UnitTest\Irt.UnitTest.csproj", "{9DC1A6E7-9AFE-4586-930B-17AD551C184D}"
EndProject
Project("{FAE04EC0-301F-11D3-BF4B-00C04F79EFBC}") = "Irt.IntegrationTest", "Irt.IntegrationTest\Irt.IntegrationTest.csproj", "{23ADBB00-3E90-40D8-AA44-D9127CDBCB58}"
EndProject
Global
	GlobalSection(SolutionProperties) = preSolution
		HideSolutionNode = FALSE
	EndGlobalSection
	GlobalSection(SolutionConfigurationPlatforms) = preSolution
		Debug|Any CPU = Debug|Any CPU
		Debug|x64 = Debug|x64
		Debug|x86 = Debug|x86
		Release|Any CPU = Release|Any CPU
		Release|x64 = Release|x64
		Release|x86 = Release|x86
	EndGlobalSection
	GlobalSection(ProjectConfigurationPlatforms) = postSolution
		{FE4CB4F3-8971-4A18-B1A2-438E68937FE2}.Debug|Any CPU.ActiveCfg = Debug|Any CPU
		{FE4CB4F3-8971-4A18-B1A2-438E68937FE2}.Debug|Any CPU.Build.0 = Debug|Any CPU
		{FE4CB4F3-8971-4A18-B1A2-438E68937FE2}.Debug|x64.ActiveCfg = Debug|Any CPU
		{FE4CB4F3-8971-4A18-B1A2-438E68937FE2}.Debug|x64.Build.0 = Debug|Any CPU
		{FE4CB4F3-8971-4A18-B1A2-438E68937FE2}.Debug|x86.ActiveCfg = Debug|Any CPU
		{FE4CB4F3-8971-4A18-B1A2-438E68937FE2}.Debug|x86.Build.0 = Debug|Any CPU
		{FE4CB4F3-8971-4A18-B1A2-438E68937FE2}.Release|Any CPU.ActiveCfg = Release|Any CPU
		{FE4CB4F3-8971-4A18-B1A2-438E68937FE2}.Release|Any CPU.Build.0 = Release|Any CPU
		{FE4CB4F3-8971-4A18-B1A2-438E68937FE2}.Release|x64.ActiveCfg = Release|Any CPU
		{FE4CB4F3-8971-4A18-B1A2-438E68937FE2}.Release|x64.Build.0 = Release|Any CPU
		{FE4CB4F3-8971-4A18-B1A2-438E68937FE2}.Release|x86.ActiveCfg = Release|Any CPU
		{FE4CB4F3-8971-4A18-B1A2-438E68937FE2}.Release|x86.Build.0 = Release|Any CPU
		{1413DEB2-F112-49E2-BCF1-3C37781E431F}.Debug|Any CPU.ActiveCfg = Debug|Any CPU
		{1413DEB2-F112-49E2-BCF1-3C37781E431F}.Debug|Any CPU.Build.0 = Debug|Any CPU
		{1413DEB2-F112-49E2-BCF1-3C37781E431F}.Debug|x64.ActiveCfg = Debug|Any CPU
		{1413DEB2-F112-49E2-BCF1-3C37781E431F}.Debug|x64.Build.0 = Debug|Any CPU
		{1413DEB2-F112-49E2-BCF1-3C37781E431F}.Debug|x86.ActiveCfg = Debug|Any CPU
		{1413DEB2-F112-49E2-BCF1-3C37781E431F}.Debug|x86.Build.0 = Debug|Any CPU
		{1413DEB2-F112-49E2-BCF1-3C37781E431F}.Release|Any CPU.ActiveCfg = Release|Any CPU
		{1413DEB2-F112-49E2-BCF1-3C37781E431F}.Release|Any CPU.Build.0 = Release|Any CPU
		{1413DEB2-F112-49E2-BCF1-3C37781E431F}.Release|x64.ActiveCfg = Release|Any CPU
		{1413DEB2-F112-49E2-BCF1-3C37781E431F}.Release|x64.Build.0 = Release|Any CPU
		{1413DEB2-F112-49E2-BCF1-3C37781E431F}.Release|x86.ActiveCfg = Release|Any CPU
		{1413DEB2-F112-49E2-BCF1-3C37781E431F}.Release|x86.Build.0 = Release|Any CPU
		{6D5BED3F-1838-4921-9F19-09D162466BF9}.Debug|Any CPU.ActiveCfg = Debug|Any CPU
		{6D5BED3F-1838-4921-9F19-09D162466BF9}.Debug|Any CPU.Build.0 = Debug|Any CPU
		{6D5BED3F-1838-4921-9F19-09D162466BF9}.Debug|x64.ActiveCfg = Debug|Any CPU
		{6D5BED3F-1838-4921-9F19-09D162466BF9}.Debug|x64.Build.0 = Debug|Any CPU
		{6D5BED3F-1838-4921-9F19-09D162466BF9}.Debug|x86.ActiveCfg = Debug|Any CPU
		{6D5BED3F-1838-4921-9F19-09D162466BF9}.Debug|x86.Build.0 = Debug|Any CPU
		{6D5BED3F-1838-4921-9F19-09D162466BF9}.Release|Any CPU.ActiveCfg = Release|Any CPU
		{6D5BED3F-1838-4921-9F19-09D162466BF9}.Release|Any CPU.Build.0 = Release|Any CPU
		{6D5BED3F-1838-4921-9F19-09D162466BF9}.Release|x64.ActiveCfg = Release|Any CPU
		{6D5BED3F-1838-4921-9F19-09D162466BF9}.Release|x64.Build.0 = Release|Any CPU
		{6D5BED3F-1838-4921-9F19-09D162466BF9}.Release|x86.ActiveCfg = Release|Any CPU
		{6D5BED3F-1838-4921-9F19-09D162466BF9}.Release|x86.Build.0 = Release|Any CPU
		{C82E9595-2155-4213-A556-DA4AB2094ABB}.Debug|Any CPU.ActiveCfg = Debug|Any CPU
		{C82E9595-2155-4213-A556-DA4AB2094ABB}.Debug|Any CPU.Build.0 = Debug|Any CPU
		{C82E9595-2155-4213-A556-DA4AB2094ABB}.Debug|x64.ActiveCfg = Debug|Any CPU
		{C82E9595-2155-4213-A556-DA4AB2094ABB}.Debug|x64.Build.0 = Debug|Any CPU
		{C82E9595-2155-4213-A556-DA4AB2094ABB}.Debug|x86.ActiveCfg = Debug|Any CPU
		{C82E9595-2155-4213-A556-DA4AB2094ABB}.Debug|x86.Build.0 = Debug|Any CPU
		{C82E9595-2155-4213-A556-DA4AB2094ABB}.Release|Any CPU.ActiveCfg = Release|Any CPU
		{C82E9595-2155-4213-A556-DA4AB2094ABB}.Release|Any CPU.Build.0 = Release|Any CPU
		{C82E9595-2155-4213-A556-DA4AB2094ABB}.Release|x64.ActiveCfg = Release|Any CPU
		{C82E9595-2155-4213-A556-DA4AB2094ABB}.Release|x64.Build.0 = Release|Any CPU
		{C82E9595-2155-4213-A556-DA4AB2094ABB}.Release|x86.ActiveCfg = Release|Any CPU
		{C82E9595-2155-4213-A556-DA4AB2094ABB}.Release|x86.Build.0 = Release|Any CPU
		{F6B48342-5182-492B-85BE-548D6AEBF0EA}.Debug|Any CPU.ActiveCfg = Debug|Any CPU
		{F6B48342-5182-492B-85BE-548D6AEBF0EA}.Debug|Any CPU.Build.0 = Debug|Any CPU
		{F6B48342-5182-492B-85BE-548D6AEBF0EA}.Debug|x64.ActiveCfg = Debug|Any CPU
		{F6B48342-5182-492B-85BE-548D6AEBF0EA}.Debug|x64.Build.0 = Debug|Any CPU
		{F6B48342-5182-492B-85BE-548D6AEBF0EA}.Debug|x86.ActiveCfg = Debug|Any CPU
		{F6B48342-5182-492B-85BE-548D6AEBF0EA}.Debug|x86.Build.0 = Debug|Any CPU
		{F6B48342-5182-492B-85BE-548D6AEBF0EA}.Release|Any CPU.ActiveCfg = Release|Any CPU
		{F6B48342-5182-492B-85BE-548D6AEBF0EA}.Release|Any CPU.Build.0 = Release|Any CPU
		{F6B48342-5182-492B-85BE-548D6AEBF0EA}.Release|x64.ActiveCfg = Release|Any CPU
		{F6B48342-5182-492B-85BE-548D6AEBF0EA}.Release|x64.Build.0 = Release|Any CPU
		{F6B48342-5182-492B-85BE-548D6AEBF0EA}.Release|x86.ActiveCfg = Release|Any CPU
		{F6B48342-5182-492B-85BE-548D6AEBF0EA}.Release|x86.Build.0 = Release|Any CPU
		{B3B19DD2-A8E9-4050-BE0B-0CDE579E5770}.Debug|Any CPU.ActiveCfg = Debug|Any CPU
		{B3B19DD2-A8E9-4050-BE0B-0CDE579E5770}.Debug|Any CPU.Build.0 = Debug|Any CPU
		{B3B19DD2-A8E9-4050-BE0B-0CDE579E5770}.Debug|x64.ActiveCfg = Debug|Any CPU
		{B3B19DD2-A8E9-4050-BE0B-0CDE579E5770}.Debug|x64.Build.0 = Debug|Any CPU
		{B3B19DD2-A8E9-4050-BE0B-0CDE579E5770}.Debug|x86.ActiveCfg = Debug|Any CPU
		{B3B19DD2-A8E9-4050-BE0B-0CDE579E5770}.Debug|x86.Build.0 = Debug|Any CPU
		{B3B19DD2-A8E9-4050-BE0B-0CDE579E5770}.Release|Any CPU.ActiveCfg = Release|Any CPU
		{B3B19DD2-A8E9-4050-BE0B-0CDE579E5770}.Release|Any CPU.Build.0 = Release|Any CPU
		{B3B19DD2-A8E9-4050-BE0B-0CDE579E5770}.Release|x64.ActiveCfg = Release|Any CPU
		{B3B19DD2-A8E9-4050-BE0B-0CDE579E5770}.Release|x64.Build.0 = Release|Any CPU
		{B3B19DD2-A8E9-4050-BE0B-0CDE579E5770}.Release|x86.ActiveCfg = Release|Any CPU
		{B3B19DD2-A8E9-4050-BE0B-0CDE579E5770}.Release|x86.Build.0 = Release|Any CPU
		{3B47E1B7-FF91-4976-AF1E-05ED54B405AB}.Debug|Any CPU.ActiveCfg = Debug|Any CPU
		{3B47E1B7-FF91-4976-AF1E-05ED54B405AB}.Debug|Any CPU.Build.0 = Debug|Any CPU
		{3B47E1B7-FF91-4976-AF1E-05ED54B405AB}.Debug|x64.ActiveCfg = Debug|Any CPU
		{3B47E1B7-FF91-4976-AF1E-05ED54B405AB}.Debug|x64.Build.0 = Debug|Any CPU
		{3B47E1B7-FF91-4976-AF1E-05ED54B405AB}.Debug|x86.ActiveCfg = Debug|Any CPU
		{3B47E1B7-FF91-4976-AF1E-05ED54B405AB}.Debug|x86.Build.0 = Debug|Any CPU
		{3B47E1B7-FF91-4976-AF1E-05ED54B405AB}.Release|Any CPU.ActiveCfg = Release|Any CPU
		{3B47E1B7-FF91-4976-AF1E-05ED54B405AB}.Release|Any CPU.Build.0 = Release|Any CPU
		{3B47E1B7-FF91-4976-AF1E-05ED54B405AB}.Release|x64.ActiveCfg = Release|Any CPU
		{3B47E1B7-FF91-4976-AF1E-05ED54B405AB}.Release|x64.Build.0 = Release|Any CPU
		{3B47E1B7-FF91-4976-AF1E-05ED54B405AB}.Release|x86.ActiveCfg = Release|Any CPU
		{3B47E1B7-FF91-4976-AF1E-05ED54B405AB}.Release|x86.Build.0 = Release|Any CPU
		{93EF46FD-C3BE-45CE-A262-CF1DDD08D4B8}.Debug|Any CPU.ActiveCfg = Debug|Any CPU
		{93EF46FD-C3BE-45CE-A262-CF1DDD08D4B8}.Debug|Any CPU.Build.0 = Debug|Any CPU
		{93EF46FD-C3BE-45CE-A262-CF1DDD08D4B8}.Debug|x64.ActiveCfg = Debug|Any CPU
		{93EF46FD-C3BE-45CE-A262-CF1DDD08D4B8}.Debug|x64.Build.0 = Debug|Any CPU
		{93EF46FD-C3BE-45CE-A262-CF1DDD08D4B8}.Debug|x86.ActiveCfg = Debug|Any CPU
		{93EF46FD-C3BE-45CE-A262-CF1DDD08D4B8}.Debug|x86.Build.0 = Debug|Any CPU
		{93EF46FD-C3BE-45CE-A262-CF1DDD08D4B8}.Release|Any CPU.ActiveCfg = Release|Any CPU
		{93EF46FD-C3BE-45CE-A262-CF1DDD08D4B8}.Release|Any CPU.Build.0 = Release|Any CPU
		{93EF46FD-C3BE-45CE-A262-CF1DDD08D4B8}.Release|x64.ActiveCfg = Release|Any CPU
		{93EF46FD-C3BE-45CE-A262-CF1DDD08D4B8}.Release|x64.Build.0 = Release|Any CPU
		{93EF46FD-C3BE-45CE-A262-CF1DDD08D4B8}.Release|x86.ActiveCfg = Release|Any CPU
		{93EF46FD-C3BE-45CE-A262-CF1DDD08D4B8}.Release|x86.Build.0 = Release|Any CPU
		{731F5DFF-A541-44DA-AAC0-43AEEEF2CF35}.Debug|Any CPU.ActiveCfg = Debug|Any CPU
		{731F5DFF-A541-44DA-AAC0-43AEEEF2CF35}.Debug|Any CPU.Build.0 = Debug|Any CPU
		{731F5DFF-A541-44DA-AAC0-43AEEEF2CF35}.Debug|x64.ActiveCfg = Debug|Any CPU
		{731F5DFF-A541-44DA-AAC0-43AEEEF2CF35}.Debug|x64.Build.0 = Debug|Any CPU
		{731F5DFF-A541-44DA-AAC0-43AEEEF2CF35}.Debug|x86.ActiveCfg = Debug|Any CPU
		{731F5DFF-A541-44DA-AAC0-43AEEEF2CF35}.Debug|x86.Build.0 = Debug|Any CPU
		{731F5DFF-A541-44DA-AAC0-43AEEEF2CF35}.Release|Any CPU.ActiveCfg = Release|Any CPU
		{731F5DFF-A541-44DA-AAC0-43AEEEF2CF35}.Release|Any CPU.Build.0 = Release|Any CPU
		{731F5DFF-A541-44DA-AAC0-43AEEEF2CF35}.Release|x64.ActiveCfg = Release|Any CPU
		{731F5DFF-A541-44DA-AAC0-43AEEEF2CF35}.Release|x64.Build.0 = Release|Any CPU
		{731F5DFF-A541-44DA-AAC0-43AEEEF2CF35}.Release|x86.ActiveCfg = Release|Any CPU
		{731F5DFF-A541-44DA-AAC0-43AEEEF2CF35}.Release|x86.Build.0 = Release|Any CPU
		{CA07BB80-18CB-4320-A4EF-01DC627C662F}.Debug|Any CPU.ActiveCfg = Debug|Any CPU
		{CA07BB80-18CB-4320-A4EF-01DC627C662F}.Debug|Any CPU.Build.0 = Debug|Any CPU
		{CA07BB80-18CB-4320-A4EF-01DC627C662F}.Debug|x64.ActiveCfg = Debug|Any CPU
		{CA07BB80-18CB-4320-A4EF-01DC627C662F}.Debug|x64.Build.0 = Debug|Any CPU
		{CA07BB80-18CB-4320-A4EF-01DC627C662F}.Debug|x86.ActiveCfg = Debug|Any CPU
		{CA07BB80-18CB-4320-A4EF-01DC627C662F}.Debug|x86.Build.0 = Debug|Any CPU
		{CA07BB80-18CB-4320-A4EF-01DC627C662F}.Release|Any CPU.ActiveCfg = Release|Any CPU
		{CA07BB80-18CB-4320-A4EF-01DC627C662F}.Release|Any CPU.Build.0 = Release|Any CPU
		{CA07BB80-18CB-4320-A4EF-01DC627C662F}.Release|x64.ActiveCfg = Release|Any CPU
		{CA07BB80-18CB-4320-A4EF-01DC627C662F}.Release|x64.Build.0 = Release|Any CPU
		{CA07BB80-18CB-4320-A4EF-01DC627C662F}.Release|x86.ActiveCfg = Release|Any CPU
		{CA07BB80-18CB-4320-A4EF-01DC627C662F}.Release|x86.Build.0 = Release|Any CPU
		{9DC1A6E7-9AFE-4586-930B-17AD551C184D}.Debug|Any CPU.ActiveCfg = Debug|Any CPU
		{9DC1A6E7-9AFE-4586-930B-17AD551C184D}.Debug|Any CPU.Build.0 = Debug|Any CPU
		{9DC1A6E7-9AFE-4586-930B-17AD551C184D}.Debug|x64.ActiveCfg = Debug|Any CPU
		{9DC1A6E7-9AFE-4586-930B-17AD551C184D}.Debug|x64.Build.0 = Debug|Any CPU
		{9DC1A6E7-9AFE-4586-930B-17AD551C184D}.Debug|x86.ActiveCfg = Debug|Any CPU
		{9DC1A6E7-9AFE-4586-930B-17AD551C184D}.Debug|x86.Build.0 = Debug|Any CPU
		{9DC1A6E7-9AFE-4586-930B-17AD551C184D}.Release|Any CPU.ActiveCfg = Release|Any CPU
		{9DC1A6E7-9AFE-4586-930B-17AD551C184D}.Release|Any CPU.Build.0 = Release|Any CPU
		{9DC1A6E7-9AFE-4586-930B-17AD551C184D}.Release|x64.ActiveCfg = Release|Any CPU
		{9DC1A6E7-9AFE-4586-930B-17AD551C184D}.Release|x64.Build.0 = Release|Any CPU
		{9DC1A6E7-9AFE-4586-930B-17AD551C184D}.Release|x86.ActiveCfg = Release|Any CPU
		{9DC1A6E7-9AFE-4586-930B-17AD551C184D}.Release|x86.Build.0 = Release|Any CPU
		{943B3A78-A700-4F0B-A8C3-7952C566C441}.Debug|Any CPU.ActiveCfg = Debug|Any CPU
		{943B3A78-A700-4F0B-A8C3-7952C566C441}.Debug|Any CPU.Build.0 = Debug|Any CPU
		{943B3A78-A700-4F0B-A8C3-7952C566C441}.Debug|x64.ActiveCfg = Debug|Any CPU
		{943B3A78-A700-4F0B-A8C3-7952C566C441}.Debug|x64.Build.0 = Debug|Any CPU
		{943B3A78-A700-4F0B-A8C3-7952C566C441}.Debug|x86.ActiveCfg = Debug|Any CPU
		{943B3A78-A700-4F0B-A8C3-7952C566C441}.Debug|x86.Build.0 = Debug|Any CPU
		{943B3A78-A700-4F0B-A8C3-7952C566C441}.Release|Any CPU.ActiveCfg = Release|Any CPU
		{943B3A78-A700-4F0B-A8C3-7952C566C441}.Release|Any CPU.Build.0 = Release|Any CPU
		{943B3A78-A700-4F0B-A8C3-7952C566C441}.Release|x64.ActiveCfg = Release|Any CPU
		{943B3A78-A700-4F0B-A8C3-7952C566C441}.Release|x64.Build.0 = Release|Any CPU
		{943B3A78-A700-4F0B-A8C3-7952C566C441}.Release|x86.ActiveCfg = Release|Any CPU
		{943B3A78-A700-4F0B-A8C3-7952C566C441}.Release|x86.Build.0 = Release|Any CPU
		{23ADBB00-3E90-40D8-AA44-D9127CDBCB58}.Debug|Any CPU.ActiveCfg = Debug|Any CPU
		{23ADBB00-3E90-40D8-AA44-D9127CDBCB58}.Debug|Any CPU.Build.0 = Debug|Any CPU
		{23ADBB00-3E90-40D8-AA44-D9127CDBCB58}.Debug|x64.ActiveCfg = Debug|Any CPU
		{23ADBB00-3E90-40D8-AA44-D9127CDBCB58}.Debug|x64.Build.0 = Debug|Any CPU
		{23ADBB00-3E90-40D8-AA44-D9127CDBCB58}.Debug|x86.ActiveCfg = Debug|Any CPU
		{23ADBB00-3E90-40D8-AA44-D9127CDBCB58}.Debug|x86.Build.0 = Debug|Any CPU
		{23ADBB00-3E90-40D8-AA44-D9127CDBCB58}.Release|Any CPU.ActiveCfg = Release|Any CPU
		{23ADBB00-3E90-40D8-AA44-D9127CDBCB58}.Release|Any CPU.Build.0 = Release|Any CPU
		{23ADBB00-3E90-40D8-AA44-D9127CDBCB58}.Release|x64.ActiveCfg = Release|Any CPU
		{23ADBB00-3E90-40D8-AA44-D9127CDBCB58}.Release|x64.Build.0 = Release|Any CPU
		{23ADBB00-3E90-40D8-AA44-D9127CDBCB58}.Release|x86.ActiveCfg = Release|Any CPU
		{23ADBB00-3E90-40D8-AA44-D9127CDBCB58}.Release|x86.Build.0 = Release|Any CPU
	EndGlobalSection
EndGlobal
